
Microsoft Visual Studio Solution File, Format Version 12.00
# Visual Studio Version 16
VisualStudioVersion = 25.0.1704.0
MinimumVisualStudioVersion = 10.0.40219.1
Project("{FAE04EC0-301F-11D3-BF4B-00C04F79EFBC}") = "TheDefenseOfConsolas", "TheDefenseOfConsolas\TheDefenseOfConsolas.csproj", "{34A4F109-3785-461A-AF87-3E9F3D4D95DA}"
EndProject
Global
	GlobalSection(SolutionConfigurationPlatforms) = preSolution
		Debug|Any CPU = Debug|Any CPU
		Release|Any CPU = Release|Any CPU
	EndGlobalSection
	GlobalSection(ProjectConfigurationPlatforms) = postSolution
		{34A4F109-3785-461A-AF87-3E9F3D4D95DA}.Debug|Any CPU.ActiveCfg = Debug|Any CPU
		{34A4F109-3785-461A-AF87-3E9F3D4D95DA}.Debug|Any CPU.Build.0 = Debug|Any CPU
		{34A4F109-3785-461A-AF87-3E9F3D4D95DA}.Release|Any CPU.ActiveCfg = Release|Any CPU
		{34A4F109-3785-461A-AF87-3E9F3D4D95DA}.Release|Any CPU.Build.0 = Release|Any CPU
	EndGlobalSection
	GlobalSection(SolutionProperties) = preSolution
		HideSolutionNode = FALSE
	EndGlobalSection
	GlobalSection(ExtensibilityGlobals) = postSolution
		SolutionGuid = {4580F87B-1B6F-4D70-B585-066B102B4D90}
	EndGlobalSection
EndGlobal
