
Microsoft Visual Studio Solution File, Format Version 12.00
# Visual Studio Version 16
VisualStudioVersion = 25.0.1704.0
MinimumVisualStudioVersion = 10.0.40219.1
Project("{FAE04EC0-301F-11D3-BF4B-00C04F79EFBC}") = "RepairingTheClocktower", "RepairingTheClocktower\RepairingTheClocktower.csproj", "{48AA8FB8-977C-434F-A798-3127AF9E3339}"
EndProject
Global
	GlobalSection(SolutionConfigurationPlatforms) = preSolution
		Debug|Any CPU = Debug|Any CPU
		Release|Any CPU = Release|Any CPU
	EndGlobalSection
	GlobalSection(ProjectConfigurationPlatforms) = postSolution
		{48AA8FB8-977C-434F-A798-3127AF9E3339}.Debug|Any CPU.ActiveCfg = Debug|Any CPU
		{48AA8FB8-977C-434F-A798-3127AF9E3339}.Debug|Any CPU.Build.0 = Debug|Any CPU
		{48AA8FB8-977C-434F-A798-3127AF9E3339}.Release|Any CPU.ActiveCfg = Release|Any CPU
		{48AA8FB8-977C-434F-A798-3127AF9E3339}.Release|Any CPU.Build.0 = Release|Any CPU
	EndGlobalSection
	GlobalSection(SolutionProperties) = preSolution
		HideSolutionNode = FALSE
	EndGlobalSection
	GlobalSection(ExtensibilityGlobals) = postSolution
		SolutionGuid = {FF11CAA4-FB8A-4E28-8CD9-976345023036}
	EndGlobalSection
EndGlobal
