
Microsoft Visual Studio Solution File, Format Version 12.00
# Visual Studio Version 16
VisualStudioVersion = 25.0.1704.0
MinimumVisualStudioVersion = 10.0.40219.1
Project("{FAE04EC0-301F-11D3-BF4B-00C04F79EFBC}") = "DiscountedInventory", "DiscountedInventory\DiscountedInventory.csproj", "{5DC8DF01-CE48-4583-A391-8D4224D3DF25}"
EndProject
Global
	GlobalSection(SolutionConfigurationPlatforms) = preSolution
		Debug|Any CPU = Debug|Any CPU
		Release|Any CPU = Release|Any CPU
	EndGlobalSection
	GlobalSection(ProjectConfigurationPlatforms) = postSolution
		{5DC8DF01-CE48-4583-A391-8D4224D3DF25}.Debug|Any CPU.ActiveCfg = Debug|Any CPU
		{5DC8DF01-CE48-4583-A391-8D4224D3DF25}.Debug|Any CPU.Build.0 = Debug|Any CPU
		{5DC8DF01-CE48-4583-A391-8D4224D3DF25}.Release|Any CPU.ActiveCfg = Release|Any CPU
		{5DC8DF01-CE48-4583-A391-8D4224D3DF25}.Release|Any CPU.Build.0 = Release|Any CPU
	EndGlobalSection
	GlobalSection(SolutionProperties) = preSolution
		HideSolutionNode = FALSE
	EndGlobalSection
	GlobalSection(ExtensibilityGlobals) = postSolution
		SolutionGuid = {C29AE8D4-502C-44CE-B287-3D59AD5B98B6}
	EndGlobalSection
EndGlobal
