
Microsoft Visual Studio Solution File, Format Version 12.00
# Visual Studio Version 16
VisualStudioVersion = 25.0.1704.0
MinimumVisualStudioVersion = 10.0.40219.1
Project("{FAE04EC0-301F-11D3-BF4B-00C04F79EFBC}") = "ThePrototype", "ThePrototype\ThePrototype.csproj", "{882EB9C8-F319-42AE-A5A4-3DEA9B19E511}"
EndProject
Global
	GlobalSection(SolutionConfigurationPlatforms) = preSolution
		Debug|Any CPU = Debug|Any CPU
		Release|Any CPU = Release|Any CPU
	EndGlobalSection
	GlobalSection(ProjectConfigurationPlatforms) = postSolution
		{882EB9C8-F319-42AE-A5A4-3DEA9B19E511}.Debug|Any CPU.ActiveCfg = Debug|Any CPU
		{882EB9C8-F319-42AE-A5A4-3DEA9B19E511}.Debug|Any CPU.Build.0 = Debug|Any CPU
		{882EB9C8-F319-42AE-A5A4-3DEA9B19E511}.Release|Any CPU.ActiveCfg = Release|Any CPU
		{882EB9C8-F319-42AE-A5A4-3DEA9B19E511}.Release|Any CPU.Build.0 = Release|Any CPU
	EndGlobalSection
	GlobalSection(SolutionProperties) = preSolution
		HideSolutionNode = FALSE
	EndGlobalSection
	GlobalSection(ExtensibilityGlobals) = postSolution
		SolutionGuid = {8C553837-B06C-4DD4-BBF2-E8C277151AAA}
	EndGlobalSection
EndGlobal
