
Microsoft Visual Studio Solution File, Format Version 12.00
# Visual Studio Version 16
VisualStudioVersion = 25.0.1704.0
MinimumVisualStudioVersion = 10.0.40219.1
Project("{FAE04EC0-301F-11D3-BF4B-00C04F79EFBC}") = "Watchtower", "Watchtower\Watchtower.csproj", "{D167E3CF-53E4-42F8-9D3E-0C3549A2EFFF}"
EndProject
Global
	GlobalSection(SolutionConfigurationPlatforms) = preSolution
		Debug|Any CPU = Debug|Any CPU
		Release|Any CPU = Release|Any CPU
	EndGlobalSection
	GlobalSection(ProjectConfigurationPlatforms) = postSolution
		{D167E3CF-53E4-42F8-9D3E-0C3549A2EFFF}.Debug|Any CPU.ActiveCfg = Debug|Any CPU
		{D167E3CF-53E4-42F8-9D3E-0C3549A2EFFF}.Debug|Any CPU.Build.0 = Debug|Any CPU
		{D167E3CF-53E4-42F8-9D3E-0C3549A2EFFF}.Release|Any CPU.ActiveCfg = Release|Any CPU
		{D167E3CF-53E4-42F8-9D3E-0C3549A2EFFF}.Release|Any CPU.Build.0 = Release|Any CPU
	EndGlobalSection
	GlobalSection(SolutionProperties) = preSolution
		HideSolutionNode = FALSE
	EndGlobalSection
	GlobalSection(ExtensibilityGlobals) = postSolution
		SolutionGuid = {9300D10E-6AC3-4729-BAAE-78E7EED1BCD6}
	EndGlobalSection
EndGlobal
