
Microsoft Visual Studio Solution File, Format Version 12.00
# Visual Studio Version 16
VisualStudioVersion = 25.0.1704.0
MinimumVisualStudioVersion = 10.0.40219.1
Project("{FAE04EC0-301F-11D3-BF4B-00C04F79EFBC}") = "TheTriangleFarmer", "TheTriangleFarmer\TheTriangleFarmer.csproj", "{F68262CB-4A01-4E90-BD2F-8DC7F454DEE8}"
EndProject
Global
	GlobalSection(SolutionConfigurationPlatforms) = preSolution
		Debug|Any CPU = Debug|Any CPU
		Release|Any CPU = Release|Any CPU
	EndGlobalSection
	GlobalSection(ProjectConfigurationPlatforms) = postSolution
		{F68262CB-4A01-4E90-BD2F-8DC7F454DEE8}.Debug|Any CPU.ActiveCfg = Debug|Any CPU
		{F68262CB-4A01-4E90-BD2F-8DC7F454DEE8}.Debug|Any CPU.Build.0 = Debug|Any CPU
		{F68262CB-4A01-4E90-BD2F-8DC7F454DEE8}.Release|Any CPU.ActiveCfg = Release|Any CPU
		{F68262CB-4A01-4E90-BD2F-8DC7F454DEE8}.Release|Any CPU.Build.0 = Release|Any CPU
	EndGlobalSection
	GlobalSection(SolutionProperties) = preSolution
		HideSolutionNode = FALSE
	EndGlobalSection
	GlobalSection(ExtensibilityGlobals) = postSolution
		SolutionGuid = {7B5CE4B4-8A14-4D00-8970-3B3AACFC0E0D}
	EndGlobalSection
EndGlobal
