
Microsoft Visual Studio Solution File, Format Version 12.00
# Visual Studio Version 16
VisualStudioVersion = 25.0.1704.0
MinimumVisualStudioVersion = 10.0.40219.1
Project("{FAE04EC0-301F-11D3-BF4B-00C04F79EFBC}") = "TheFourSistersAndTheDuckbear", "TheFourSistersAndTheDuckbear\TheFourSistersAndTheDuckbear.csproj", "{EBB7C92D-1A71-40BD-8AF3-2EFACCE7317E}"
EndProject
Global
	GlobalSection(SolutionConfigurationPlatforms) = preSolution
		Debug|Any CPU = Debug|Any CPU
		Release|Any CPU = Release|Any CPU
	EndGlobalSection
	GlobalSection(ProjectConfigurationPlatforms) = postSolution
		{EBB7C92D-1A71-40BD-8AF3-2EFACCE7317E}.Debug|Any CPU.ActiveCfg = Debug|Any CPU
		{EBB7C92D-1A71-40BD-8AF3-2EFACCE7317E}.Debug|Any CPU.Build.0 = Debug|Any CPU
		{EBB7C92D-1A71-40BD-8AF3-2EFACCE7317E}.Release|Any CPU.ActiveCfg = Release|Any CPU
		{EBB7C92D-1A71-40BD-8AF3-2EFACCE7317E}.Release|Any CPU.Build.0 = Release|Any CPU
	EndGlobalSection
	GlobalSection(SolutionProperties) = preSolution
		HideSolutionNode = FALSE
	EndGlobalSection
	GlobalSection(ExtensibilityGlobals) = postSolution
		SolutionGuid = {57194727-8B6A-4BE2-8356-6B12547FC586}
	EndGlobalSection
EndGlobal
