
Microsoft Visual Studio Solution File, Format Version 12.00
# Visual Studio Version 16
VisualStudioVersion = 25.0.1704.0
MinimumVisualStudioVersion = 10.0.40219.1
Project("{FAE04EC0-301F-11D3-BF4B-00C04F79EFBC}") = "TheVariableShopReturns", "TheVariableShopReturns\TheVariableShopReturns.csproj", "{2C75FF25-A2ED-4C74-A068-A371AD9071A5}"
EndProject
Global
	GlobalSection(SolutionConfigurationPlatforms) = preSolution
		Debug|Any CPU = Debug|Any CPU
		Release|Any CPU = Release|Any CPU
	EndGlobalSection
	GlobalSection(ProjectConfigurationPlatforms) = postSolution
		{2C75FF25-A2ED-4C74-A068-A371AD9071A5}.Debug|Any CPU.ActiveCfg = Debug|Any CPU
		{2C75FF25-A2ED-4C74-A068-A371AD9071A5}.Debug|Any CPU.Build.0 = Debug|Any CPU
		{2C75FF25-A2ED-4C74-A068-A371AD9071A5}.Release|Any CPU.ActiveCfg = Release|Any CPU
		{2C75FF25-A2ED-4C74-A068-A371AD9071A5}.Release|Any CPU.Build.0 = Release|Any CPU
	EndGlobalSection
	GlobalSection(SolutionProperties) = preSolution
		HideSolutionNode = FALSE
	EndGlobalSection
	GlobalSection(ExtensibilityGlobals) = postSolution
		SolutionGuid = {B33D220C-24E1-4586-8411-C2B13DC62B03}
	EndGlobalSection
EndGlobal
